<?xml version="1.0" encoding="utf-8"?>
<Project ToolsVersion="16.0" xmlns="http://schemas.microsoft.com/developer/msbuild/2003">
  <ItemGroup>
    <ClCompile Include="C:\Users\Zac\OneDrive\Cocos\CRPG\proj.win32\main.cpp">
      <Filter>Source Files\proj.win32</Filter>
    </ClCompile>
    <ClCompile Include="C:\Users\Zac\OneDrive\Cocos\CRPG\cocos2d\cocos\precheader.cpp">
      <Filter>Source Files</Filter>
    </ClCompile>
    <ClCompile Include="..\Classes\Scene_Boot.cpp">
      <Filter>Source Files\Classes\Scenes</Filter>
    </ClCompile>
    <ClCompile Include="..\Classes\StateMachine.cpp">
      <Filter>Source Files\Classes\General\State Machine</Filter>
    </ClCompile>
    <ClCompile Include="..\Classes\State_GameInit.cpp">
      <Filter>Source Files\Classes\States</Filter>
    </ClCompile>
    <ClCompile Include="..\Classes\State.cpp">
      <Filter>Source Files\Classes\General\State Machine</Filter>
    </ClCompile>
    <ClCompile Include="C:\Users\Zac\OneDrive\Cocos\CRPG\Classes\AppDelegate.cpp">
      <Filter>Source Files\Classes\Engine</Filter>
    </ClCompile>
    <ClCompile Include="C:\Users\Zac\OneDrive\Cocos\CRPG\Classes\HelloWorldScene.cpp">
      <Filter>Source Files\Test</Filter>
    </ClCompile>
    <ClCompile Include="..\Classes\Scene_MainMenu.cpp">
      <Filter>Source Files\Classes\Scenes</Filter>
    </ClCompile>
    <ClCompile Include="..\Classes\Scene_CardTest.cpp">
      <Filter>Source Files\Classes\Scenes</Filter>
    </ClCompile>
    <ClCompile Include="..\Classes\State_TestState.cpp">
      <Filter>Source Files\Classes\States</Filter>
    </ClCompile>
    <ClCompile Include="..\Classes\NotificationCenter.cpp">
      <Filter>Source Files\Classes\Notifications</Filter>
    </ClCompile>
    <ClCompile Include="..\Classes\GameManager.cpp">
      <Filter>Source Files\Classes\Managers</Filter>
    </ClCompile>
    <ClCompile Include="..\Classes\Event.cpp">
      <Filter>Source Files\Classes\Notifications\Events</Filter>
    </ClCompile>
    <ClCompile Include="..\Classes\Event_UserEvent.cpp">
      <Filter>Source Files\Classes\Notifications\Events</Filter>
    </ClCompile>
  </ItemGroup>
  <ItemGroup>
    <ClInclude Include="C:\Users\Zac\OneDrive\Cocos\CRPG\proj.win32\main.h">
      <Filter>Source Files\proj.win32</Filter>
    </ClInclude>
    <ClInclude Include="C:\Users\Zac\OneDrive\Cocos\CRPG\proj.win32\resource.h">
      <Filter>Source Files\proj.win32</Filter>
    </ClInclude>
    <ClInclude Include="C:\Users\Zac\OneDrive\Cocos\CRPG\Resources\CloseNormal.png">
      <Filter>Resources</Filter>
    </ClInclude>
    <ClInclude Include="C:\Users\Zac\OneDrive\Cocos\CRPG\Resources\CloseSelected.png">
      <Filter>Resources</Filter>
    </ClInclude>
    <ClInclude Include="C:\Users\Zac\OneDrive\Cocos\CRPG\Resources\HelloWorld.png">
      <Filter>Resources</Filter>
    </ClInclude>
    <ClInclude Include="C:\Users\Zac\OneDrive\Cocos\CRPG\Resources\Tests\B.png">
      <Filter>Resources\Tests</Filter>
    </ClInclude>
    <ClInclude Include="C:\Users\Zac\OneDrive\Cocos\CRPG\Resources\Tests\G.png">
      <Filter>Resources\Tests</Filter>
    </ClInclude>
    <ClInclude Include="C:\Users\Zac\OneDrive\Cocos\CRPG\Resources\Tests\R.png">
      <Filter>Resources\Tests</Filter>
    </ClInclude>
    <ClInclude Include="C:\Users\Zac\OneDrive\Cocos\CRPG\Resources\Tests\U.png">
      <Filter>Resources\Tests</Filter>
    </ClInclude>
    <ClInclude Include="C:\Users\Zac\OneDrive\Cocos\CRPG\Resources\Tests\W.png">
      <Filter>Resources\Tests</Filter>
    </ClInclude>
    <ClInclude Include="C:\Users\Zac\OneDrive\Cocos\CRPG\Resources\fonts\Marker Felt.ttf">
      <Filter>Resources\fonts</Filter>
    </ClInclude>
    <ClInclude Include="C:\Users\Zac\OneDrive\Cocos\CRPG\Resources\fonts\arial.ttf">
      <Filter>Resources\fonts</Filter>
    </ClInclude>
    <ClInclude Include="C:\Users\Zac\OneDrive\Cocos\CRPG\Resources\res\.gitkeep">
      <Filter>Resources\res</Filter>
    </ClInclude>
    <ClInclude Include="..\Classes\Scene_Boot.h">
      <Filter>Source Files\Classes\Scenes</Filter>
    </ClInclude>
    <ClInclude Include="..\Classes\StateMachine.h">
      <Filter>Source Files\Classes\General\State Machine</Filter>
    </ClInclude>
    <ClInclude Include="..\Classes\State_GameInit.h">
      <Filter>Source Files\Classes\States</Filter>
    </ClInclude>
    <ClInclude Include="..\Classes\State.h">
      <Filter>Source Files\Classes\General\State Machine</Filter>
    </ClInclude>
    <ClInclude Include="C:\Users\Zac\OneDrive\Cocos\CRPG\Classes\AppDelegate.h">
      <Filter>Source Files\Classes\Engine</Filter>
    </ClInclude>
    <ClInclude Include="C:\Users\Zac\OneDrive\Cocos\CRPG\Classes\HelloWorldScene.h">
      <Filter>Source Files\Test</Filter>
    </ClInclude>
    <ClInclude Include="..\Classes\Scene_MainMenu.h">
      <Filter>Source Files\Classes\Scenes</Filter>
    </ClInclude>
    <ClInclude Include="..\Classes\Scene_CardTest.h">
      <Filter>Source Files\Classes\Scenes</Filter>
    </ClInclude>
    <ClInclude Include="..\Classes\State_TestState.h">
      <Filter>Source Files\Classes\States</Filter>
    </ClInclude>
    <ClInclude Include="..\Classes\NotificationCenter.h">
      <Filter>Source Files\Classes\Notifications</Filter>
    </ClInclude>
    <ClInclude Include="..\Classes\EventDispatcher.h">
      <Filter>Source Files\Classes\Notifications</Filter>
    </ClInclude>
    <ClInclude Include="..\Classes\GameManager.h">
      <Filter>Source Files\Classes\Managers</Filter>
    </ClInclude>
    <ClInclude Include="..\Classes\Event.h">
      <Filter>Source Files\Classes\Notifications\Events</Filter>
    </ClInclude>
    <ClInclude Include="..\Classes\Event_UserEvent.h">
      <Filter>Source Files\Classes\Notifications\Events</Filter>
    </ClInclude>
  </ItemGroup>
  <ItemGroup>
    <CustomBuild Include="C:\Users\Zac\OneDrive\Cocos\CRPG\CMakeLists.txt" />
  </ItemGroup>
  <ItemGroup>
    <ResourceCompile Include="C:\Users\Zac\OneDrive\Cocos\CRPG\proj.win32\game.rc">
      <Filter>Source Files\proj.win32</Filter>
    </ResourceCompile>
  </ItemGroup>
  <ItemGroup>
    <Filter Include="Resources">
      <UniqueIdentifier>{FC5F9E9D-29BE-33BC-BD47-895F39713AA1}</UniqueIdentifier>
    </Filter>
    <Filter Include="Resources\Tests">
      <UniqueIdentifier>{C263153E-451C-3900-80B0-6CE2626010BE}</UniqueIdentifier>
    </Filter>
    <Filter Include="Resources\fonts">
      <UniqueIdentifier>{955CA5D3-E99C-356C-BDB3-FBF6F48F37C6}</UniqueIdentifier>
    </Filter>
    <Filter Include="Resources\res">
      <UniqueIdentifier>{3764AA6A-EFA5-3C60-92D6-FF7E78949599}</UniqueIdentifier>
    </Filter>
    <Filter Include="Source Files">
      <UniqueIdentifier>{83CCA4B1-4929-3B2E-B83F-490B1CB05F1E}</UniqueIdentifier>
    </Filter>
    <Filter Include="Source Files\Classes">
      <UniqueIdentifier>{E4C7A32F-FE6D-38FD-8B5B-8CADC30E2221}</UniqueIdentifier>
    </Filter>
    <Filter Include="Source Files\proj.win32">
      <UniqueIdentifier>{1FE8439B-B374-33DF-B809-07E2FD00B3B4}</UniqueIdentifier>
    </Filter>
    <Filter Include="Source Files\Classes\Scenes">
      <UniqueIdentifier>{943edb59-8db9-4339-8f50-4b1d9542b936}</UniqueIdentifier>
    </Filter>
    <Filter Include="Source Files\Classes\General">
      <UniqueIdentifier>{d2da1df7-5df4-4421-80d9-a1bcaebb28a2}</UniqueIdentifier>
    </Filter>
    <Filter Include="Source Files\Classes\General\State Machine">
      <UniqueIdentifier>{e03a1a6e-aa55-4ff1-9598-73d917ca58a7}</UniqueIdentifier>
    </Filter>
    <Filter Include="Source Files\Classes\States">
      <UniqueIdentifier>{21595199-720e-4afb-8051-f843e532db06}</UniqueIdentifier>
    </Filter>
    <Filter Include="Source Files\Classes\Engine">
      <UniqueIdentifier>{6d432aa5-17cb-41b4-9b65-cbd3fa706f3a}</UniqueIdentifier>
    </Filter>
    <Filter Include="Source Files\Test">
      <UniqueIdentifier>{fec6486c-dc28-4e5b-a155-1bda788a7d8a}</UniqueIdentifier>
    </Filter>
    <Filter Include="Source Files\Classes\Notifications">
      <UniqueIdentifier>{c9a6152e-0d7d-44e8-af64-09d633c798df}</UniqueIdentifier>
    </Filter>
    <Filter Include="Source Files\Classes\Managers">
      <UniqueIdentifier>{3fe56501-ef93-4e51-ab52-8eebe7bda00a}</UniqueIdentifier>
    </Filter>
    <Filter Include="Source Files\Classes\Notifications\Events">
      <UniqueIdentifier>{d7bbd2f8-7326-4747-b408-fd6887ebc748}</UniqueIdentifier>
    </Filter>
  </ItemGroup>
</Project>