
Microsoft Visual Studio Solution File, Format Version 12.00
# Visual Studio Version 16
Project("{2150E333-8FDC-42A3-9474-1A3956D46DE8}") = "CMakePredefinedTargets", "CMakePredefinedTargets", "{B0671676-1C76-34FB-AE78-80DD9997473C}"
EndProject
Project("{2150E333-8FDC-42A3-9474-1A3956D46DE8}") = "External", "External", "{3E92E3E2-614A-3546-9CD5-32C031EC0063}"
EndProject
Project("{2150E333-8FDC-42A3-9474-1A3956D46DE8}") = "Internal", "Internal", "{5428D990-5F97-3AD9-B0A5-35CB477E9EA9}"
EndProject
Project("{2150E333-8FDC-42A3-9474-1A3956D46DE8}") = "Utils", "Utils", "{257ED0A0-C190-3CC2-B434-C59E8F5D7153}"
EndProject
Project("{8BC9CEB8-8B4A-11D0-8D11-00A0C91BC942}") = "ALL_BUILD", "ALL_BUILD.vcxproj", "{506907D7-2E96-3A15-9DF9-285E302A5815}"
	ProjectSection(ProjectDependencies) = postProject
		{DAF06B83-D76A-3824-8853-2D49133A0433} = {DAF06B83-D76A-3824-8853-2D49133A0433}
		{468AED47-9E73-3EE4-99D1-6A3E392098C9} = {468AED47-9E73-3EE4-99D1-6A3E392098C9}
		{DCD0C7B9-7DC9-3AB6-9424-F7455E9ECAD8} = {DCD0C7B9-7DC9-3AB6-9424-F7455E9ECAD8}
		{2971D004-C083-378F-9D00-CB8DE9CBAF06} = {2971D004-C083-378F-9D00-CB8DE9CBAF06}
		{550B8BC2-E1A4-363F-B1CD-65CD47D8B72E} = {550B8BC2-E1A4-363F-B1CD-65CD47D8B72E}
		{E771686A-28B7-3A2C-8874-EA9E0BFD3305} = {E771686A-28B7-3A2C-8874-EA9E0BFD3305}
		{70E42575-3FAC-3F39-938F-3B211F3C4935} = {70E42575-3FAC-3F39-938F-3B211F3C4935}
		{6C632189-D7E2-34B4-A382-63FFCA976E00} = {6C632189-D7E2-34B4-A382-63FFCA976E00}
		{F72A3A3B-EEA6-35B7-A315-F177CED9B012} = {F72A3A3B-EEA6-35B7-A315-F177CED9B012}
		{7B75A3D7-2F79-3D8C-9603-D55C273EDDFC} = {7B75A3D7-2F79-3D8C-9603-D55C273EDDFC}
		{BB853FE8-BEBE-329E-807F-25F77BCF4667} = {BB853FE8-BEBE-329E-807F-25F77BCF4667}
		{9A3A38EC-7F73-37B5-92A7-EC801C7F8447} = {9A3A38EC-7F73-37B5-92A7-EC801C7F8447}
		{656618FD-9AEE-326A-8F2A-F2BEFF49EFAB} = {656618FD-9AEE-326A-8F2A-F2BEFF49EFAB}
		{0EA3CA7F-4092-35B0-921F-B891C07E60A1} = {0EA3CA7F-4092-35B0-921F-B891C07E60A1}
		{A3D20B7F-BBB4-3834-8094-703B9D0ADDB2} = {A3D20B7F-BBB4-3834-8094-703B9D0ADDB2}
	EndProjectSection
EndProject
Project("{8BC9CEB8-8B4A-11D0-8D11-00A0C91BC942}") = "CRPG", "CRPG.vcxproj", "{DAF06B83-D76A-3824-8853-2D49133A0433}"
	ProjectSection(ProjectDependencies) = postProject
		{468AED47-9E73-3EE4-99D1-6A3E392098C9} = {468AED47-9E73-3EE4-99D1-6A3E392098C9}
		{DCD0C7B9-7DC9-3AB6-9424-F7455E9ECAD8} = {DCD0C7B9-7DC9-3AB6-9424-F7455E9ECAD8}
		{2971D004-C083-378F-9D00-CB8DE9CBAF06} = {2971D004-C083-378F-9D00-CB8DE9CBAF06}
		{550B8BC2-E1A4-363F-B1CD-65CD47D8B72E} = {550B8BC2-E1A4-363F-B1CD-65CD47D8B72E}
		{E771686A-28B7-3A2C-8874-EA9E0BFD3305} = {E771686A-28B7-3A2C-8874-EA9E0BFD3305}
		{70E42575-3FAC-3F39-938F-3B211F3C4935} = {70E42575-3FAC-3F39-938F-3B211F3C4935}
		{6C632189-D7E2-34B4-A382-63FFCA976E00} = {6C632189-D7E2-34B4-A382-63FFCA976E00}
		{F72A3A3B-EEA6-35B7-A315-F177CED9B012} = {F72A3A3B-EEA6-35B7-A315-F177CED9B012}
		{7B75A3D7-2F79-3D8C-9603-D55C273EDDFC} = {7B75A3D7-2F79-3D8C-9603-D55C273EDDFC}
		{BB853FE8-BEBE-329E-807F-25F77BCF4667} = {BB853FE8-BEBE-329E-807F-25F77BCF4667}
		{9A3A38EC-7F73-37B5-92A7-EC801C7F8447} = {9A3A38EC-7F73-37B5-92A7-EC801C7F8447}
		{656618FD-9AEE-326A-8F2A-F2BEFF49EFAB} = {656618FD-9AEE-326A-8F2A-F2BEFF49EFAB}
		{0EA3CA7F-4092-35B0-921F-B891C07E60A1} = {0EA3CA7F-4092-35B0-921F-B891C07E60A1}
		{A3D20B7F-BBB4-3834-8094-703B9D0ADDB2} = {A3D20B7F-BBB4-3834-8094-703B9D0ADDB2}
	EndProjectSection
EndProject
Project("{8BC9CEB8-8B4A-11D0-8D11-00A0C91BC942}") = "SYNC_RESOURCE-CRPG", "SYNC_RESOURCE-CRPG.vcxproj", "{468AED47-9E73-3EE4-99D1-6A3E392098C9}"
	ProjectSection(ProjectDependencies) = postProject
		{DCD0C7B9-7DC9-3AB6-9424-F7455E9ECAD8} = {DCD0C7B9-7DC9-3AB6-9424-F7455E9ECAD8}
	EndProjectSection
EndProject
Project("{8BC9CEB8-8B4A-11D0-8D11-00A0C91BC942}") = "ZERO_CHECK", "ZERO_CHECK.vcxproj", "{DCD0C7B9-7DC9-3AB6-9424-F7455E9ECAD8}"
	ProjectSection(ProjectDependencies) = postProject
	EndProjectSection
EndProject
Project("{8BC9CEB8-8B4A-11D0-8D11-00A0C91BC942}") = "cocos2d", "engine\cocos\core\cocos2d.vcxproj", "{2971D004-C083-378F-9D00-CB8DE9CBAF06}"
	ProjectSection(ProjectDependencies) = postProject
		{DCD0C7B9-7DC9-3AB6-9424-F7455E9ECAD8} = {DCD0C7B9-7DC9-3AB6-9424-F7455E9ECAD8}
		{550B8BC2-E1A4-363F-B1CD-65CD47D8B72E} = {550B8BC2-E1A4-363F-B1CD-65CD47D8B72E}
		{E771686A-28B7-3A2C-8874-EA9E0BFD3305} = {E771686A-28B7-3A2C-8874-EA9E0BFD3305}
		{70E42575-3FAC-3F39-938F-3B211F3C4935} = {70E42575-3FAC-3F39-938F-3B211F3C4935}
		{6C632189-D7E2-34B4-A382-63FFCA976E00} = {6C632189-D7E2-34B4-A382-63FFCA976E00}
		{F72A3A3B-EEA6-35B7-A315-F177CED9B012} = {F72A3A3B-EEA6-35B7-A315-F177CED9B012}
		{7B75A3D7-2F79-3D8C-9603-D55C273EDDFC} = {7B75A3D7-2F79-3D8C-9603-D55C273EDDFC}
		{BB853FE8-BEBE-329E-807F-25F77BCF4667} = {BB853FE8-BEBE-329E-807F-25F77BCF4667}
		{9A3A38EC-7F73-37B5-92A7-EC801C7F8447} = {9A3A38EC-7F73-37B5-92A7-EC801C7F8447}
		{656618FD-9AEE-326A-8F2A-F2BEFF49EFAB} = {656618FD-9AEE-326A-8F2A-F2BEFF49EFAB}
		{0EA3CA7F-4092-35B0-921F-B891C07E60A1} = {0EA3CA7F-4092-35B0-921F-B891C07E60A1}
		{A3D20B7F-BBB4-3834-8094-703B9D0ADDB2} = {A3D20B7F-BBB4-3834-8094-703B9D0ADDB2}
	EndProjectSection
EndProject
Project("{8BC9CEB8-8B4A-11D0-8D11-00A0C91BC942}") = "ext_clipper", "engine\external\clipper\ext_clipper.vcxproj", "{550B8BC2-E1A4-363F-B1CD-65CD47D8B72E}"
	ProjectSection(ProjectDependencies) = postProject
		{DCD0C7B9-7DC9-3AB6-9424-F7455E9ECAD8} = {DCD0C7B9-7DC9-3AB6-9424-F7455E9ECAD8}
	EndProjectSection
EndProject
Project("{8BC9CEB8-8B4A-11D0-8D11-00A0C91BC942}") = "ext_convertUTF", "engine\external\ConvertUTF\ext_convertUTF.vcxproj", "{E771686A-28B7-3A2C-8874-EA9E0BFD3305}"
	ProjectSection(ProjectDependencies) = postProject
		{DCD0C7B9-7DC9-3AB6-9424-F7455E9ECAD8} = {DCD0C7B9-7DC9-3AB6-9424-F7455E9ECAD8}
	EndProjectSection
EndProject
Project("{8BC9CEB8-8B4A-11D0-8D11-00A0C91BC942}") = "ext_edtaa3func", "engine\external\edtaa3func\ext_edtaa3func.vcxproj", "{70E42575-3FAC-3F39-938F-3B211F3C4935}"
	ProjectSection(ProjectDependencies) = postProject
		{DCD0C7B9-7DC9-3AB6-9424-F7455E9ECAD8} = {DCD0C7B9-7DC9-3AB6-9424-F7455E9ECAD8}
	EndProjectSection
EndProject
Project("{8BC9CEB8-8B4A-11D0-8D11-00A0C91BC942}") = "ext_md5", "engine\external\md5\ext_md5.vcxproj", "{6C632189-D7E2-34B4-A382-63FFCA976E00}"
	ProjectSection(ProjectDependencies) = postProject
		{DCD0C7B9-7DC9-3AB6-9424-F7455E9ECAD8} = {DCD0C7B9-7DC9-3AB6-9424-F7455E9ECAD8}
	EndProjectSection
EndProject
Project("{8BC9CEB8-8B4A-11D0-8D11-00A0C91BC942}") = "ext_poly2tri", "engine\external\poly2tri\ext_poly2tri.vcxproj", "{F72A3A3B-EEA6-35B7-A315-F177CED9B012}"
	ProjectSection(ProjectDependencies) = postProject
		{DCD0C7B9-7DC9-3AB6-9424-F7455E9ECAD8} = {DCD0C7B9-7DC9-3AB6-9424-F7455E9ECAD8}
	EndProjectSection
EndProject
Project("{8BC9CEB8-8B4A-11D0-8D11-00A0C91BC942}") = "ext_recast", "engine\external\recast\ext_recast.vcxproj", "{7B75A3D7-2F79-3D8C-9603-D55C273EDDFC}"
	ProjectSection(ProjectDependencies) = postProject
		{DCD0C7B9-7DC9-3AB6-9424-F7455E9ECAD8} = {DCD0C7B9-7DC9-3AB6-9424-F7455E9ECAD8}
	EndProjectSection
EndProject
Project("{8BC9CEB8-8B4A-11D0-8D11-00A0C91BC942}") = "ext_tinyxml2", "engine\external\tinyxml2\ext_tinyxml2.vcxproj", "{BB853FE8-BEBE-329E-807F-25F77BCF4667}"
	ProjectSection(ProjectDependencies) = postProject
		{DCD0C7B9-7DC9-3AB6-9424-F7455E9ECAD8} = {DCD0C7B9-7DC9-3AB6-9424-F7455E9ECAD8}
	EndProjectSection
EndProject
Project("{8BC9CEB8-8B4A-11D0-8D11-00A0C91BC942}") = "ext_unzip", "engine\external\unzip\ext_unzip.vcxproj", "{9A3A38EC-7F73-37B5-92A7-EC801C7F8447}"
	ProjectSection(ProjectDependencies) = postProject
		{DCD0C7B9-7DC9-3AB6-9424-F7455E9ECAD8} = {DCD0C7B9-7DC9-3AB6-9424-F7455E9ECAD8}
	EndProjectSection
EndProject
Project("{8BC9CEB8-8B4A-11D0-8D11-00A0C91BC942}") = "ext_xxhash", "engine\external\xxhash\ext_xxhash.vcxproj", "{656618FD-9AEE-326A-8F2A-F2BEFF49EFAB}"
	ProjectSection(ProjectDependencies) = postProject
		{DCD0C7B9-7DC9-3AB6-9424-F7455E9ECAD8} = {DCD0C7B9-7DC9-3AB6-9424-F7455E9ECAD8}
	EndProjectSection
EndProject
Project("{8BC9CEB8-8B4A-11D0-8D11-00A0C91BC942}") = "ext_xxtea", "engine\external\xxtea\ext_xxtea.vcxproj", "{0EA3CA7F-4092-35B0-921F-B891C07E60A1}"
	ProjectSection(ProjectDependencies) = postProject
		{DCD0C7B9-7DC9-3AB6-9424-F7455E9ECAD8} = {DCD0C7B9-7DC9-3AB6-9424-F7455E9ECAD8}
	EndProjectSection
EndProject
Project("{8BC9CEB8-8B4A-11D0-8D11-00A0C91BC942}") = "external", "engine\external\external.vcxproj", "{A3D20B7F-BBB4-3834-8094-703B9D0ADDB2}"
	ProjectSection(ProjectDependencies) = postProject
		{DCD0C7B9-7DC9-3AB6-9424-F7455E9ECAD8} = {DCD0C7B9-7DC9-3AB6-9424-F7455E9ECAD8}
		{550B8BC2-E1A4-363F-B1CD-65CD47D8B72E} = {550B8BC2-E1A4-363F-B1CD-65CD47D8B72E}
		{E771686A-28B7-3A2C-8874-EA9E0BFD3305} = {E771686A-28B7-3A2C-8874-EA9E0BFD3305}
		{70E42575-3FAC-3F39-938F-3B211F3C4935} = {70E42575-3FAC-3F39-938F-3B211F3C4935}
		{6C632189-D7E2-34B4-A382-63FFCA976E00} = {6C632189-D7E2-34B4-A382-63FFCA976E00}
		{F72A3A3B-EEA6-35B7-A315-F177CED9B012} = {F72A3A3B-EEA6-35B7-A315-F177CED9B012}
		{7B75A3D7-2F79-3D8C-9603-D55C273EDDFC} = {7B75A3D7-2F79-3D8C-9603-D55C273EDDFC}
		{BB853FE8-BEBE-329E-807F-25F77BCF4667} = {BB853FE8-BEBE-329E-807F-25F77BCF4667}
		{9A3A38EC-7F73-37B5-92A7-EC801C7F8447} = {9A3A38EC-7F73-37B5-92A7-EC801C7F8447}
		{656618FD-9AEE-326A-8F2A-F2BEFF49EFAB} = {656618FD-9AEE-326A-8F2A-F2BEFF49EFAB}
		{0EA3CA7F-4092-35B0-921F-B891C07E60A1} = {0EA3CA7F-4092-35B0-921F-B891C07E60A1}
	EndProjectSection
EndProject
Global
	GlobalSection(SolutionConfigurationPlatforms) = preSolution
		Debug|Win32 = Debug|Win32
		Release|Win32 = Release|Win32
		MinSizeRel|Win32 = MinSizeRel|Win32
		RelWithDebInfo|Win32 = RelWithDebInfo|Win32
	EndGlobalSection
	GlobalSection(ProjectConfigurationPlatforms) = postSolution
		{506907D7-2E96-3A15-9DF9-285E302A5815}.Debug|Win32.ActiveCfg = Debug|Win32
		{506907D7-2E96-3A15-9DF9-285E302A5815}.Release|Win32.ActiveCfg = Release|Win32
		{506907D7-2E96-3A15-9DF9-285E302A5815}.MinSizeRel|Win32.ActiveCfg = MinSizeRel|Win32
		{506907D7-2E96-3A15-9DF9-285E302A5815}.RelWithDebInfo|Win32.ActiveCfg = RelWithDebInfo|Win32
		{DAF06B83-D76A-3824-8853-2D49133A0433}.Debug|Win32.ActiveCfg = Debug|Win32
		{DAF06B83-D76A-3824-8853-2D49133A0433}.Debug|Win32.Build.0 = Debug|Win32
		{DAF06B83-D76A-3824-8853-2D49133A0433}.Release|Win32.ActiveCfg = Release|Win32
		{DAF06B83-D76A-3824-8853-2D49133A0433}.Release|Win32.Build.0 = Release|Win32
		{DAF06B83-D76A-3824-8853-2D49133A0433}.MinSizeRel|Win32.ActiveCfg = MinSizeRel|Win32
		{DAF06B83-D76A-3824-8853-2D49133A0433}.MinSizeRel|Win32.Build.0 = MinSizeRel|Win32
		{DAF06B83-D76A-3824-8853-2D49133A0433}.RelWithDebInfo|Win32.ActiveCfg = RelWithDebInfo|Win32
		{DAF06B83-D76A-3824-8853-2D49133A0433}.RelWithDebInfo|Win32.Build.0 = RelWithDebInfo|Win32
		{468AED47-9E73-3EE4-99D1-6A3E392098C9}.Debug|Win32.ActiveCfg = Debug|Win32
		{468AED47-9E73-3EE4-99D1-6A3E392098C9}.Debug|Win32.Build.0 = Debug|Win32
		{468AED47-9E73-3EE4-99D1-6A3E392098C9}.Release|Win32.ActiveCfg = Release|Win32
		{468AED47-9E73-3EE4-99D1-6A3E392098C9}.Release|Win32.Build.0 = Release|Win32
		{468AED47-9E73-3EE4-99D1-6A3E392098C9}.MinSizeRel|Win32.ActiveCfg = MinSizeRel|Win32
		{468AED47-9E73-3EE4-99D1-6A3E392098C9}.MinSizeRel|Win32.Build.0 = MinSizeRel|Win32
		{468AED47-9E73-3EE4-99D1-6A3E392098C9}.RelWithDebInfo|Win32.ActiveCfg = RelWithDebInfo|Win32
		{468AED47-9E73-3EE4-99D1-6A3E392098C9}.RelWithDebInfo|Win32.Build.0 = RelWithDebInfo|Win32
		{DCD0C7B9-7DC9-3AB6-9424-F7455E9ECAD8}.Debug|Win32.ActiveCfg = Debug|Win32
		{DCD0C7B9-7DC9-3AB6-9424-F7455E9ECAD8}.Debug|Win32.Build.0 = Debug|Win32
		{DCD0C7B9-7DC9-3AB6-9424-F7455E9ECAD8}.Release|Win32.ActiveCfg = Release|Win32
		{DCD0C7B9-7DC9-3AB6-9424-F7455E9ECAD8}.Release|Win32.Build.0 = Release|Win32
		{DCD0C7B9-7DC9-3AB6-9424-F7455E9ECAD8}.MinSizeRel|Win32.ActiveCfg = MinSizeRel|Win32
		{DCD0C7B9-7DC9-3AB6-9424-F7455E9ECAD8}.MinSizeRel|Win32.Build.0 = MinSizeRel|Win32
		{DCD0C7B9-7DC9-3AB6-9424-F7455E9ECAD8}.RelWithDebInfo|Win32.ActiveCfg = RelWithDebInfo|Win32
		{DCD0C7B9-7DC9-3AB6-9424-F7455E9ECAD8}.RelWithDebInfo|Win32.Build.0 = RelWithDebInfo|Win32
		{2971D004-C083-378F-9D00-CB8DE9CBAF06}.Debug|Win32.ActiveCfg = Debug|Win32
		{2971D004-C083-378F-9D00-CB8DE9CBAF06}.Debug|Win32.Build.0 = Debug|Win32
		{2971D004-C083-378F-9D00-CB8DE9CBAF06}.Release|Win32.ActiveCfg = Release|Win32
		{2971D004-C083-378F-9D00-CB8DE9CBAF06}.Release|Win32.Build.0 = Release|Win32
		{2971D004-C083-378F-9D00-CB8DE9CBAF06}.MinSizeRel|Win32.ActiveCfg = MinSizeRel|Win32
		{2971D004-C083-378F-9D00-CB8DE9CBAF06}.MinSizeRel|Win32.Build.0 = MinSizeRel|Win32
		{2971D004-C083-378F-9D00-CB8DE9CBAF06}.RelWithDebInfo|Win32.ActiveCfg = RelWithDebInfo|Win32
		{2971D004-C083-378F-9D00-CB8DE9CBAF06}.RelWithDebInfo|Win32.Build.0 = RelWithDebInfo|Win32
		{550B8BC2-E1A4-363F-B1CD-65CD47D8B72E}.Debug|Win32.ActiveCfg = Debug|Win32
		{550B8BC2-E1A4-363F-B1CD-65CD47D8B72E}.Debug|Win32.Build.0 = Debug|Win32
		{550B8BC2-E1A4-363F-B1CD-65CD47D8B72E}.Release|Win32.ActiveCfg = Release|Win32
		{550B8BC2-E1A4-363F-B1CD-65CD47D8B72E}.Release|Win32.Build.0 = Release|Win32
		{550B8BC2-E1A4-363F-B1CD-65CD47D8B72E}.MinSizeRel|Win32.ActiveCfg = MinSizeRel|Win32
		{550B8BC2-E1A4-363F-B1CD-65CD47D8B72E}.MinSizeRel|Win32.Build.0 = MinSizeRel|Win32
		{550B8BC2-E1A4-363F-B1CD-65CD47D8B72E}.RelWithDebInfo|Win32.ActiveCfg = RelWithDebInfo|Win32
		{550B8BC2-E1A4-363F-B1CD-65CD47D8B72E}.RelWithDebInfo|Win32.Build.0 = RelWithDebInfo|Win32
		{E771686A-28B7-3A2C-8874-EA9E0BFD3305}.Debug|Win32.ActiveCfg = Debug|Win32
		{E771686A-28B7-3A2C-8874-EA9E0BFD3305}.Debug|Win32.Build.0 = Debug|Win32
		{E771686A-28B7-3A2C-8874-EA9E0BFD3305}.Release|Win32.ActiveCfg = Release|Win32
		{E771686A-28B7-3A2C-8874-EA9E0BFD3305}.Release|Win32.Build.0 = Release|Win32
		{E771686A-28B7-3A2C-8874-EA9E0BFD3305}.MinSizeRel|Win32.ActiveCfg = MinSizeRel|Win32
		{E771686A-28B7-3A2C-8874-EA9E0BFD3305}.MinSizeRel|Win32.Build.0 = MinSizeRel|Win32
		{E771686A-28B7-3A2C-8874-EA9E0BFD3305}.RelWithDebInfo|Win32.ActiveCfg = RelWithDebInfo|Win32
		{E771686A-28B7-3A2C-8874-EA9E0BFD3305}.RelWithDebInfo|Win32.Build.0 = RelWithDebInfo|Win32
		{70E42575-3FAC-3F39-938F-3B211F3C4935}.Debug|Win32.ActiveCfg = Debug|Win32
		{70E42575-3FAC-3F39-938F-3B211F3C4935}.Debug|Win32.Build.0 = Debug|Win32
		{70E42575-3FAC-3F39-938F-3B211F3C4935}.Release|Win32.ActiveCfg = Release|Win32
		{70E42575-3FAC-3F39-938F-3B211F3C4935}.Release|Win32.Build.0 = Release|Win32
		{70E42575-3FAC-3F39-938F-3B211F3C4935}.MinSizeRel|Win32.ActiveCfg = MinSizeRel|Win32
		{70E42575-3FAC-3F39-938F-3B211F3C4935}.MinSizeRel|Win32.Build.0 = MinSizeRel|Win32
		{70E42575-3FAC-3F39-938F-3B211F3C4935}.RelWithDebInfo|Win32.ActiveCfg = RelWithDebInfo|Win32
		{70E42575-3FAC-3F39-938F-3B211F3C4935}.RelWithDebInfo|Win32.Build.0 = RelWithDebInfo|Win32
		{6C632189-D7E2-34B4-A382-63FFCA976E00}.Debug|Win32.ActiveCfg = Debug|Win32
		{6C632189-D7E2-34B4-A382-63FFCA976E00}.Debug|Win32.Build.0 = Debug|Win32
		{6C632189-D7E2-34B4-A382-63FFCA976E00}.Release|Win32.ActiveCfg = Release|Win32
		{6C632189-D7E2-34B4-A382-63FFCA976E00}.Release|Win32.Build.0 = Release|Win32
		{6C632189-D7E2-34B4-A382-63FFCA976E00}.MinSizeRel|Win32.ActiveCfg = MinSizeRel|Win32
		{6C632189-D7E2-34B4-A382-63FFCA976E00}.MinSizeRel|Win32.Build.0 = MinSizeRel|Win32
		{6C632189-D7E2-34B4-A382-63FFCA976E00}.RelWithDebInfo|Win32.ActiveCfg = RelWithDebInfo|Win32
		{6C632189-D7E2-34B4-A382-63FFCA976E00}.RelWithDebInfo|Win32.Build.0 = RelWithDebInfo|Win32
		{F72A3A3B-EEA6-35B7-A315-F177CED9B012}.Debug|Win32.ActiveCfg = Debug|Win32
		{F72A3A3B-EEA6-35B7-A315-F177CED9B012}.Debug|Win32.Build.0 = Debug|Win32
		{F72A3A3B-EEA6-35B7-A315-F177CED9B012}.Release|Win32.ActiveCfg = Release|Win32
		{F72A3A3B-EEA6-35B7-A315-F177CED9B012}.Release|Win32.Build.0 = Release|Win32
		{F72A3A3B-EEA6-35B7-A315-F177CED9B012}.MinSizeRel|Win32.ActiveCfg = MinSizeRel|Win32
		{F72A3A3B-EEA6-35B7-A315-F177CED9B012}.MinSizeRel|Win32.Build.0 = MinSizeRel|Win32
		{F72A3A3B-EEA6-35B7-A315-F177CED9B012}.RelWithDebInfo|Win32.ActiveCfg = RelWithDebInfo|Win32
		{F72A3A3B-EEA6-35B7-A315-F177CED9B012}.RelWithDebInfo|Win32.Build.0 = RelWithDebInfo|Win32
		{7B75A3D7-2F79-3D8C-9603-D55C273EDDFC}.Debug|Win32.ActiveCfg = Debug|Win32
		{7B75A3D7-2F79-3D8C-9603-D55C273EDDFC}.Debug|Win32.Build.0 = Debug|Win32
		{7B75A3D7-2F79-3D8C-9603-D55C273EDDFC}.Release|Win32.ActiveCfg = Release|Win32
		{7B75A3D7-2F79-3D8C-9603-D55C273EDDFC}.Release|Win32.Build.0 = Release|Win32
		{7B75A3D7-2F79-3D8C-9603-D55C273EDDFC}.MinSizeRel|Win32.ActiveCfg = MinSizeRel|Win32
		{7B75A3D7-2F79-3D8C-9603-D55C273EDDFC}.MinSizeRel|Win32.Build.0 = MinSizeRel|Win32
		{7B75A3D7-2F79-3D8C-9603-D55C273EDDFC}.RelWithDebInfo|Win32.ActiveCfg = RelWithDebInfo|Win32
		{7B75A3D7-2F79-3D8C-9603-D55C273EDDFC}.RelWithDebInfo|Win32.Build.0 = RelWithDebInfo|Win32
		{BB853FE8-BEBE-329E-807F-25F77BCF4667}.Debug|Win32.ActiveCfg = Debug|Win32
		{BB853FE8-BEBE-329E-807F-25F77BCF4667}.Debug|Win32.Build.0 = Debug|Win32
		{BB853FE8-BEBE-329E-807F-25F77BCF4667}.Release|Win32.ActiveCfg = Release|Win32
		{BB853FE8-BEBE-329E-807F-25F77BCF4667}.Release|Win32.Build.0 = Release|Win32
		{BB853FE8-BEBE-329E-807F-25F77BCF4667}.MinSizeRel|Win32.ActiveCfg = MinSizeRel|Win32
		{BB853FE8-BEBE-329E-807F-25F77BCF4667}.MinSizeRel|Win32.Build.0 = MinSizeRel|Win32
		{BB853FE8-BEBE-329E-807F-25F77BCF4667}.RelWithDebInfo|Win32.ActiveCfg = RelWithDebInfo|Win32
		{BB853FE8-BEBE-329E-807F-25F77BCF4667}.RelWithDebInfo|Win32.Build.0 = RelWithDebInfo|Win32
		{9A3A38EC-7F73-37B5-92A7-EC801C7F8447}.Debug|Win32.ActiveCfg = Debug|Win32
		{9A3A38EC-7F73-37B5-92A7-EC801C7F8447}.Debug|Win32.Build.0 = Debug|Win32
		{9A3A38EC-7F73-37B5-92A7-EC801C7F8447}.Release|Win32.ActiveCfg = Release|Win32
		{9A3A38EC-7F73-37B5-92A7-EC801C7F8447}.Release|Win32.Build.0 = Release|Win32
		{9A3A38EC-7F73-37B5-92A7-EC801C7F8447}.MinSizeRel|Win32.ActiveCfg = MinSizeRel|Win32
		{9A3A38EC-7F73-37B5-92A7-EC801C7F8447}.MinSizeRel|Win32.Build.0 = MinSizeRel|Win32
		{9A3A38EC-7F73-37B5-92A7-EC801C7F8447}.RelWithDebInfo|Win32.ActiveCfg = RelWithDebInfo|Win32
		{9A3A38EC-7F73-37B5-92A7-EC801C7F8447}.RelWithDebInfo|Win32.Build.0 = RelWithDebInfo|Win32
		{656618FD-9AEE-326A-8F2A-F2BEFF49EFAB}.Debug|Win32.ActiveCfg = Debug|Win32
		{656618FD-9AEE-326A-8F2A-F2BEFF49EFAB}.Debug|Win32.Build.0 = Debug|Win32
		{656618FD-9AEE-326A-8F2A-F2BEFF49EFAB}.Release|Win32.ActiveCfg = Release|Win32
		{656618FD-9AEE-326A-8F2A-F2BEFF49EFAB}.Release|Win32.Build.0 = Release|Win32
		{656618FD-9AEE-326A-8F2A-F2BEFF49EFAB}.MinSizeRel|Win32.ActiveCfg = MinSizeRel|Win32
		{656618FD-9AEE-326A-8F2A-F2BEFF49EFAB}.MinSizeRel|Win32.Build.0 = MinSizeRel|Win32
		{656618FD-9AEE-326A-8F2A-F2BEFF49EFAB}.RelWithDebInfo|Win32.ActiveCfg = RelWithDebInfo|Win32
		{656618FD-9AEE-326A-8F2A-F2BEFF49EFAB}.RelWithDebInfo|Win32.Build.0 = RelWithDebInfo|Win32
		{0EA3CA7F-4092-35B0-921F-B891C07E60A1}.Debug|Win32.ActiveCfg = Debug|Win32
		{0EA3CA7F-4092-35B0-921F-B891C07E60A1}.Debug|Win32.Build.0 = Debug|Win32
		{0EA3CA7F-4092-35B0-921F-B891C07E60A1}.Release|Win32.ActiveCfg = Release|Win32
		{0EA3CA7F-4092-35B0-921F-B891C07E60A1}.Release|Win32.Build.0 = Release|Win32
		{0EA3CA7F-4092-35B0-921F-B891C07E60A1}.MinSizeRel|Win32.ActiveCfg = MinSizeRel|Win32
		{0EA3CA7F-4092-35B0-921F-B891C07E60A1}.MinSizeRel|Win32.Build.0 = MinSizeRel|Win32
		{0EA3CA7F-4092-35B0-921F-B891C07E60A1}.RelWithDebInfo|Win32.ActiveCfg = RelWithDebInfo|Win32
		{0EA3CA7F-4092-35B0-921F-B891C07E60A1}.RelWithDebInfo|Win32.Build.0 = RelWithDebInfo|Win32
		{A3D20B7F-BBB4-3834-8094-703B9D0ADDB2}.Debug|Win32.ActiveCfg = Debug|Win32
		{A3D20B7F-BBB4-3834-8094-703B9D0ADDB2}.Debug|Win32.Build.0 = Debug|Win32
		{A3D20B7F-BBB4-3834-8094-703B9D0ADDB2}.Release|Win32.ActiveCfg = Release|Win32
		{A3D20B7F-BBB4-3834-8094-703B9D0ADDB2}.Release|Win32.Build.0 = Release|Win32
		{A3D20B7F-BBB4-3834-8094-703B9D0ADDB2}.MinSizeRel|Win32.ActiveCfg = MinSizeRel|Win32
		{A3D20B7F-BBB4-3834-8094-703B9D0ADDB2}.MinSizeRel|Win32.Build.0 = MinSizeRel|Win32
		{A3D20B7F-BBB4-3834-8094-703B9D0ADDB2}.RelWithDebInfo|Win32.ActiveCfg = RelWithDebInfo|Win32
		{A3D20B7F-BBB4-3834-8094-703B9D0ADDB2}.RelWithDebInfo|Win32.Build.0 = RelWithDebInfo|Win32
	EndGlobalSection
	GlobalSection(NestedProjects) = preSolution
		{506907D7-2E96-3A15-9DF9-285E302A5815} = {B0671676-1C76-34FB-AE78-80DD9997473C}
		{DCD0C7B9-7DC9-3AB6-9424-F7455E9ECAD8} = {B0671676-1C76-34FB-AE78-80DD9997473C}
		{550B8BC2-E1A4-363F-B1CD-65CD47D8B72E} = {3E92E3E2-614A-3546-9CD5-32C031EC0063}
		{E771686A-28B7-3A2C-8874-EA9E0BFD3305} = {3E92E3E2-614A-3546-9CD5-32C031EC0063}
		{70E42575-3FAC-3F39-938F-3B211F3C4935} = {3E92E3E2-614A-3546-9CD5-32C031EC0063}
		{6C632189-D7E2-34B4-A382-63FFCA976E00} = {3E92E3E2-614A-3546-9CD5-32C031EC0063}
		{F72A3A3B-EEA6-35B7-A315-F177CED9B012} = {3E92E3E2-614A-3546-9CD5-32C031EC0063}
		{7B75A3D7-2F79-3D8C-9603-D55C273EDDFC} = {3E92E3E2-614A-3546-9CD5-32C031EC0063}
		{BB853FE8-BEBE-329E-807F-25F77BCF4667} = {3E92E3E2-614A-3546-9CD5-32C031EC0063}
		{9A3A38EC-7F73-37B5-92A7-EC801C7F8447} = {3E92E3E2-614A-3546-9CD5-32C031EC0063}
		{656618FD-9AEE-326A-8F2A-F2BEFF49EFAB} = {3E92E3E2-614A-3546-9CD5-32C031EC0063}
		{0EA3CA7F-4092-35B0-921F-B891C07E60A1} = {3E92E3E2-614A-3546-9CD5-32C031EC0063}
		{A3D20B7F-BBB4-3834-8094-703B9D0ADDB2} = {3E92E3E2-614A-3546-9CD5-32C031EC0063}
		{2971D004-C083-378F-9D00-CB8DE9CBAF06} = {5428D990-5F97-3AD9-B0A5-35CB477E9EA9}
		{468AED47-9E73-3EE4-99D1-6A3E392098C9} = {257ED0A0-C190-3CC2-B434-C59E8F5D7153}
	EndGlobalSection
	GlobalSection(ExtensibilityGlobals) = postSolution
		SolutionGuid = {B8007134-DC0D-3501-8B7B-E9BB67A35B48}
	EndGlobalSection
	GlobalSection(ExtensibilityAddIns) = postSolution
	EndGlobalSection
EndGlobal
