<?xml version="1.0" encoding="utf-8"?>
<Project ToolsVersion="16.0" xmlns="http://schemas.microsoft.com/developer/msbuild/2003">
  <ItemGroup>
    <CustomBuild Include="C:\Users\Zac\OneDrive\Cocos\CRPG\proj.win32\CMakeFiles\239c3ee46ba073389da79e028f837d06\SYNC_RESOURCE-CRPG.rule">
      <Filter>CMake Rules</Filter>
    </CustomBuild>
    <CustomBuild Include="C:\Users\Zac\OneDrive\Cocos\CRPG\CMakeLists.txt" />
  </ItemGroup>
  <ItemGroup>
    <None Include="C:\Users\Zac\OneDrive\Cocos\CRPG\proj.win32\CMakeFiles\SYNC_RESOURCE-CRPG" />
  </ItemGroup>
  <ItemGroup>
    <Filter Include="CMake Rules">
      <UniqueIdentifier>{FA1507EB-4964-38F4-8D2E-42E806A63FC8}</UniqueIdentifier>
    </Filter>
  </ItemGroup>
</Project>
